
Microsoft Visual Studio Solution File, Format Version 12.00
# Visual Studio Version 16
VisualStudioVersion = 16.0.30204.135
MinimumVisualStudioVersion = 10.0.40219.1
Project("{FAE04EC0-301F-11D3-BF4B-00C04F79EFBC}") = "DatingApp.Api", "DatingApp.Api\DatingApp.Api.csproj", "{64FE8FA1-2C9E-4D61-A54D-C01778C469B1}"
EndProject
Global
	GlobalSection(SolutionConfigurationPlatforms) = preSolution
		Debug|Any CPU = Debug|Any CPU
		Release|Any CPU = Release|Any CPU
	EndGlobalSection
	GlobalSection(ProjectConfigurationPlatforms) = postSolution
		{64FE8FA1-2C9E-4D61-A54D-C01778C469B1}.Debug|Any CPU.ActiveCfg = Debug|Any CPU
		{64FE8FA1-2C9E-4D61-A54D-C01778C469B1}.Debug|Any CPU.Build.0 = Debug|Any CPU
		{64FE8FA1-2C9E-4D61-A54D-C01778C469B1}.Release|Any CPU.ActiveCfg = Release|Any CPU
		{64FE8FA1-2C9E-4D61-A54D-C01778C469B1}.Release|Any CPU.Build.0 = Release|Any CPU
	EndGlobalSection
	GlobalSection(SolutionProperties) = preSolution
		HideSolutionNode = FALSE
	EndGlobalSection
	GlobalSection(ExtensibilityGlobals) = postSolution
		SolutionGuid = {92454D88-6246-4B8B-9A23-4D635B299A8C}
	EndGlobalSection
EndGlobal
